
Microsoft Visual Studio Solution File, Format Version 11.00
# Visual Studio 2010
Project("{6989167D-11E4-40FE-8C1A-2192A86A7E90}") = "Lake2019", "Lake2019.vfproj", "{7D0CC252-C918-4CA8-82F2-BE7921ADBB92}"
EndProject
Global
	GlobalSection(SolutionConfigurationPlatforms) = preSolution
		Debug|Win32 = Debug|Win32
		Release|Win32 = Release|Win32
	EndGlobalSection
	GlobalSection(ProjectConfigurationPlatforms) = postSolution
		{7D0CC252-C918-4CA8-82F2-BE7921ADBB92}.Debug|Win32.ActiveCfg = Debug|Win32
		{7D0CC252-C918-4CA8-82F2-BE7921ADBB92}.Debug|Win32.Build.0 = Debug|Win32
		{7D0CC252-C918-4CA8-82F2-BE7921ADBB92}.Release|Win32.ActiveCfg = Release|Win32
		{7D0CC252-C918-4CA8-82F2-BE7921ADBB92}.Release|Win32.Build.0 = Release|Win32
	EndGlobalSection
	GlobalSection(SolutionProperties) = preSolution
		HideSolutionNode = FALSE
	EndGlobalSection
EndGlobal
